
Microsoft Visual Studio Solution File, Format Version 12.00
# Visual Studio Version 16
VisualStudioVersion = 16.0.31702.278
MinimumVisualStudioVersion = 10.0.40219.1
Project("{FAE04EC0-301F-11D3-BF4B-00C04F79EFBC}") = "WebApplication4", "WebApplication4\WebApplication4.csproj", "{42F39688-2E4E-4B0F-A6AD-1AE0D7BD296F}"
EndProject
Global
	GlobalSection(SolutionConfigurationPlatforms) = preSolution
		Debug|Any CPU = Debug|Any CPU
		Release|Any CPU = Release|Any CPU
	EndGlobalSection
	GlobalSection(ProjectConfigurationPlatforms) = postSolution
		{42F39688-2E4E-4B0F-A6AD-1AE0D7BD296F}.Debug|Any CPU.ActiveCfg = Debug|Any CPU
		{42F39688-2E4E-4B0F-A6AD-1AE0D7BD296F}.Debug|Any CPU.Build.0 = Debug|Any CPU
		{42F39688-2E4E-4B0F-A6AD-1AE0D7BD296F}.Release|Any CPU.ActiveCfg = Release|Any CPU
		{42F39688-2E4E-4B0F-A6AD-1AE0D7BD296F}.Release|Any CPU.Build.0 = Release|Any CPU
	EndGlobalSection
	GlobalSection(SolutionProperties) = preSolution
		HideSolutionNode = FALSE
	EndGlobalSection
	GlobalSection(ExtensibilityGlobals) = postSolution
		SolutionGuid = {20CB1344-CBC8-4977-A3A4-16840D9D5294}
	EndGlobalSection
EndGlobal
